{
  "requires": true,
  "lockfileVersion": 1,
  "dependencies": {
    "@primer/css": {
      "version": "13.1.0",
      "resolved": "https://registry.npmjs.org/@primer/css/-/css-13.1.0.tgz",
      "integrity": "sha512-sTwKn9DVhvwfhLUiF0fME1kvKds8VPN3pODToRK+X5HOQlCdagLU1kV/cfRyC2CyKNrACyDbQO6Ia77/lsuv6w==",
      "requires": {
        "@primer/octicons": "9.2.0"
      }
    },
    "@primer/octicons": {
      "version": "9.2.0",
      "resolved": "https://registry.npmjs.org/@primer/octicons/-/octicons-9.2.0.tgz",
      "integrity": "sha512-3vv7bBqVUHhU7ChpmQhmzz3WmHEKKSk9z/xEK5KnU8Egh96RoqKIim07geRj825ISa+IWj9cPdOA1ShqW5k3Yw==",
      "requires": {
        "object-assign": "4.1.1"
      }
    },
    "object-assign": {
      "version": "4.1.1",
      "resolved": "https://registry.npmjs.org/object-assign/-/object-assign-4.1.1.tgz",
      "integrity": "sha1-IQmtx5ZYh8/AXLvUQsrIv7s2CGM="
    }
  }
}
